
Microsoft Visual Studio Solution File, Format Version 12.00
# Visual Studio Version 16
VisualStudioVersion = 16.0.31515.178
MinimumVisualStudioVersion = 10.0.40219.1
Project("{FAE04EC0-301F-11D3-BF4B-00C04F79EFBC}") = "DDWTAssig2", "DDWTAssig2\DDWTAssig2.csproj", "{3A503E0D-A33C-4FF8-9CD0-2D7CC484D6C9}"
EndProject
Global
	GlobalSection(SolutionConfigurationPlatforms) = preSolution
		Debug|Any CPU = Debug|Any CPU
		Release|Any CPU = Release|Any CPU
	EndGlobalSection
	GlobalSection(ProjectConfigurationPlatforms) = postSolution
		{3A503E0D-A33C-4FF8-9CD0-2D7CC484D6C9}.Debug|Any CPU.ActiveCfg = Debug|Any CPU
		{3A503E0D-A33C-4FF8-9CD0-2D7CC484D6C9}.Debug|Any CPU.Build.0 = Debug|Any CPU
		{3A503E0D-A33C-4FF8-9CD0-2D7CC484D6C9}.Release|Any CPU.ActiveCfg = Release|Any CPU
		{3A503E0D-A33C-4FF8-9CD0-2D7CC484D6C9}.Release|Any CPU.Build.0 = Release|Any CPU
	EndGlobalSection
	GlobalSection(SolutionProperties) = preSolution
		HideSolutionNode = FALSE
	EndGlobalSection
	GlobalSection(ExtensibilityGlobals) = postSolution
		SolutionGuid = {183B83D4-CDDD-4359-A17F-ED90676869E6}
	EndGlobalSection
EndGlobal
